// !$*UTF8*$!
{
	archiveVersion = 1;
	classes = {
	};
	objectVersion = 56;
	objects = {

/* Begin PBXBuildFile section */
		763849C89FA581AF8E164BC4 /* Pods_SDD_Case_4.framework in Frameworks */ = {isa = PBXBuildFile; fileRef = 580BE39F758815B264DE30DF /* Pods_SDD_Case_4.framework */; };
		C546493D2B35361E0040AD86 /* AppDelegate.swift in Sources */ = {isa = PBXBuildFile; fileRef = C546493C2B35361E0040AD86 /* AppDelegate.swift */; };
		C546493F2B35361E0040AD86 /* SceneDelegate.swift in Sources */ = {isa = PBXBuildFile; fileRef = C546493E2B35361E0040AD86 /* SceneDelegate.swift */; };
		C54649462B35361F0040AD86 /* Assets.xcassets in Resources */ = {isa = PBXBuildFile; fileRef = C54649452B35361F0040AD86 /* Assets.xcassets */; };
		C54649492B35361F0040AD86 /* LaunchScreen.storyboard in Resources */ = {isa = PBXBuildFile; fileRef = C54649472B35361F0040AD86 /* LaunchScreen.storyboard */; };
		C54649512B35367D0040AD86 /* GoogleService-Info.plist in Resources */ = {isa = PBXBuildFile; fileRef = C54649502B35367D0040AD86 /* GoogleService-Info.plist */; };
		C5C7DF842B3537AE0000DC75 /* FirebaseAnalytics in Frameworks */ = {isa = PBXBuildFile; productRef = C5C7DF832B3537AE0000DC75 /* FirebaseAnalytics */; };
		C5C7DF862B3537AE0000DC75 /* FirebaseMessaging in Frameworks */ = {isa = PBXBuildFile; productRef = C5C7DF852B3537AE0000DC75 /* FirebaseMessaging */; };
		C5C7DF8A2B3554FB0000DC75 /* HomeViewController.swift in Sources */ = {isa = PBXBuildFile; fileRef = C5C7DF892B3554FB0000DC75 /* HomeViewController.swift */; };
		C5C7DF8C2B3555060000DC75 /* HomeInteractor.swift in Sources */ = {isa = PBXBuildFile; fileRef = C5C7DF8B2B3555060000DC75 /* HomeInteractor.swift */; };
		C5C7DF8E2B3555100000DC75 /* HomePresenter.swift in Sources */ = {isa = PBXBuildFile; fileRef = C5C7DF8D2B3555100000DC75 /* HomePresenter.swift */; };
		C5C7DF902B35552A0000DC75 /* HomeEntity.swift in Sources */ = {isa = PBXBuildFile; fileRef = C5C7DF8F2B35552A0000DC75 /* HomeEntity.swift */; };
		C5C7DF922B3555390000DC75 /* HomeRouter.swift in Sources */ = {isa = PBXBuildFile; fileRef = C5C7DF912B3555390000DC75 /* HomeRouter.swift */; };
		C5C7DF942B3555420000DC75 /* HomeProtocols.swift in Sources */ = {isa = PBXBuildFile; fileRef = C5C7DF932B3555420000DC75 /* HomeProtocols.swift */; };
		C5C7DF972B3557B90000DC75 /* DeepLinkViewController.swift in Sources */ = {isa = PBXBuildFile; fileRef = C5C7DF962B3557B90000DC75 /* DeepLinkViewController.swift */; };
		C5C7DF992B3557C40000DC75 /* DeepLinkInteractor.swift in Sources */ = {isa = PBXBuildFile; fileRef = C5C7DF982B3557C40000DC75 /* DeepLinkInteractor.swift */; };
		C5C7DF9B2B3557D90000DC75 /* DeepLinkPresenter.swift in Sources */ = {isa = PBXBuildFile; fileRef = C5C7DF9A2B3557D90000DC75 /* DeepLinkPresenter.swift */; };
		C5C7DF9D2B3557E40000DC75 /* DeepLinkEntity.swift in Sources */ = {isa = PBXBuildFile; fileRef = C5C7DF9C2B3557E40000DC75 /* DeepLinkEntity.swift */; };
		C5C7DF9F2B3557EE0000DC75 /* DeepLinkRouter.swift in Sources */ = {isa = PBXBuildFile; fileRef = C5C7DF9E2B3557EE0000DC75 /* DeepLinkRouter.swift */; };
		C5C7DFA12B3557F70000DC75 /* DeepLinkProtocols.swift in Sources */ = {isa = PBXBuildFile; fileRef = C5C7DFA02B3557F60000DC75 /* DeepLinkProtocols.swift */; };
		C5C7DFA42B356C990000DC75 /* URL.swift in Sources */ = {isa = PBXBuildFile; fileRef = C5C7DFA32B356C990000DC75 /* URL.swift */; };
		C5C7DFA82B35746E0000DC75 /* UIView.swift in Sources */ = {isa = PBXBuildFile; fileRef = C5C7DFA72B35746E0000DC75 /* UIView.swift */; };
		C5C7E76E2B3763980068AE27 /* SDD_Case_4Tests.swift in Sources */ = {isa = PBXBuildFile; fileRef = C5C7E76D2B3763980068AE27 /* SDD_Case_4Tests.swift */; };
/* End PBXBuildFile section */

/* Begin PBXContainerItemProxy section */
		C5C7E76F2B3763980068AE27 /* PBXContainerItemProxy */ = {
			isa = PBXContainerItemProxy;
			containerPortal = C54649312B35361E0040AD86 /* Project object */;
			proxyType = 1;
			remoteGlobalIDString = C54649382B35361E0040AD86;
			remoteInfo = "SDD-Case-4";
		};
/* End PBXContainerItemProxy section */

/* Begin PBXFileReference section */
		33E0CCD5BD4811FC6B21EE25 /* Pods-SDD-Case-4.debug.xcconfig */ = {isa = PBXFileReference; includeInIndex = 1; lastKnownFileType = text.xcconfig; name = "Pods-SDD-Case-4.debug.xcconfig"; path = "Target Support Files/Pods-SDD-Case-4/Pods-SDD-Case-4.debug.xcconfig"; sourceTree = "<group>"; };
		580BE39F758815B264DE30DF /* Pods_SDD_Case_4.framework */ = {isa = PBXFileReference; explicitFileType = wrapper.framework; includeInIndex = 0; path = Pods_SDD_Case_4.framework; sourceTree = BUILT_PRODUCTS_DIR; };
		C54649392B35361E0040AD86 /* SDD-Case-4.app */ = {isa = PBXFileReference; explicitFileType = wrapper.application; includeInIndex = 0; path = "SDD-Case-4.app"; sourceTree = BUILT_PRODUCTS_DIR; };
		C546493C2B35361E0040AD86 /* AppDelegate.swift */ = {isa = PBXFileReference; lastKnownFileType = sourcecode.swift; path = AppDelegate.swift; sourceTree = "<group>"; };
		C546493E2B35361E0040AD86 /* SceneDelegate.swift */ = {isa = PBXFileReference; lastKnownFileType = sourcecode.swift; path = SceneDelegate.swift; sourceTree = "<group>"; };
		C54649452B35361F0040AD86 /* Assets.xcassets */ = {isa = PBXFileReference; lastKnownFileType = folder.assetcatalog; path = Assets.xcassets; sourceTree = "<group>"; };
		C54649482B35361F0040AD86 /* Base */ = {isa = PBXFileReference; lastKnownFileType = file.storyboard; name = Base; path = Base.lproj/LaunchScreen.storyboard; sourceTree = "<group>"; };
		C546494A2B35361F0040AD86 /* Info.plist */ = {isa = PBXFileReference; lastKnownFileType = text.plist.xml; path = Info.plist; sourceTree = "<group>"; };
		C54649502B35367D0040AD86 /* GoogleService-Info.plist */ = {isa = PBXFileReference; fileEncoding = 4; lastKnownFileType = text.plist.xml; path = "GoogleService-Info.plist"; sourceTree = "<group>"; };
		C5C7DF872B353F910000DC75 /* SDD-Case-4.entitlements */ = {isa = PBXFileReference; lastKnownFileType = text.plist.entitlements; path = "SDD-Case-4.entitlements"; sourceTree = "<group>"; };
		C5C7DF892B3554FB0000DC75 /* HomeViewController.swift */ = {isa = PBXFileReference; lastKnownFileType = sourcecode.swift; path = HomeViewController.swift; sourceTree = "<group>"; };
		C5C7DF8B2B3555060000DC75 /* HomeInteractor.swift */ = {isa = PBXFileReference; lastKnownFileType = sourcecode.swift; path = HomeInteractor.swift; sourceTree = "<group>"; };
		C5C7DF8D2B3555100000DC75 /* HomePresenter.swift */ = {isa = PBXFileReference; lastKnownFileType = sourcecode.swift; path = HomePresenter.swift; sourceTree = "<group>"; };
		C5C7DF8F2B35552A0000DC75 /* HomeEntity.swift */ = {isa = PBXFileReference; lastKnownFileType = sourcecode.swift; path = HomeEntity.swift; sourceTree = "<group>"; };
		C5C7DF912B3555390000DC75 /* HomeRouter.swift */ = {isa = PBXFileReference; lastKnownFileType = sourcecode.swift; path = HomeRouter.swift; sourceTree = "<group>"; };
		C5C7DF932B3555420000DC75 /* HomeProtocols.swift */ = {isa = PBXFileReference; lastKnownFileType = sourcecode.swift; path = HomeProtocols.swift; sourceTree = "<group>"; };
		C5C7DF962B3557B90000DC75 /* DeepLinkViewController.swift */ = {isa = PBXFileReference; lastKnownFileType = sourcecode.swift; path = DeepLinkViewController.swift; sourceTree = "<group>"; };
		C5C7DF982B3557C40000DC75 /* DeepLinkInteractor.swift */ = {isa = PBXFileReference; lastKnownFileType = sourcecode.swift; path = DeepLinkInteractor.swift; sourceTree = "<group>"; };
		C5C7DF9A2B3557D90000DC75 /* DeepLinkPresenter.swift */ = {isa = PBXFileReference; lastKnownFileType = sourcecode.swift; path = DeepLinkPresenter.swift; sourceTree = "<group>"; };
		C5C7DF9C2B3557E40000DC75 /* DeepLinkEntity.swift */ = {isa = PBXFileReference; lastKnownFileType = sourcecode.swift; path = DeepLinkEntity.swift; sourceTree = "<group>"; };
		C5C7DF9E2B3557EE0000DC75 /* DeepLinkRouter.swift */ = {isa = PBXFileReference; lastKnownFileType = sourcecode.swift; path = DeepLinkRouter.swift; sourceTree = "<group>"; };
		C5C7DFA02B3557F60000DC75 /* DeepLinkProtocols.swift */ = {isa = PBXFileReference; lastKnownFileType = sourcecode.swift; path = DeepLinkProtocols.swift; sourceTree = "<group>"; };
		C5C7DFA32B356C990000DC75 /* URL.swift */ = {isa = PBXFileReference; lastKnownFileType = sourcecode.swift; path = URL.swift; sourceTree = "<group>"; };
		C5C7DFA72B35746E0000DC75 /* UIView.swift */ = {isa = PBXFileReference; lastKnownFileType = sourcecode.swift; path = UIView.swift; sourceTree = "<group>"; };
		C5C7E76B2B3763980068AE27 /* SDD-Case-4Tests.xctest */ = {isa = PBXFileReference; explicitFileType = wrapper.cfbundle; includeInIndex = 0; path = "SDD-Case-4Tests.xctest"; sourceTree = BUILT_PRODUCTS_DIR; };
		C5C7E76D2B3763980068AE27 /* SDD_Case_4Tests.swift */ = {isa = PBXFileReference; lastKnownFileType = sourcecode.swift; path = SDD_Case_4Tests.swift; sourceTree = "<group>"; };
		DA93C598ADF6DE446C966233 /* Pods-SDD-Case-4.release.xcconfig */ = {isa = PBXFileReference; includeInIndex = 1; lastKnownFileType = text.xcconfig; name = "Pods-SDD-Case-4.release.xcconfig"; path = "Target Support Files/Pods-SDD-Case-4/Pods-SDD-Case-4.release.xcconfig"; sourceTree = "<group>"; };
/* End PBXFileReference section */

/* Begin PBXFrameworksBuildPhase section */
		C54649362B35361E0040AD86 /* Frameworks */ = {
			isa = PBXFrameworksBuildPhase;
			buildActionMask = 2147483647;
			files = (
				C5C7DF862B3537AE0000DC75 /* FirebaseMessaging in Frameworks */,
				C5C7DF842B3537AE0000DC75 /* FirebaseAnalytics in Frameworks */,
				763849C89FA581AF8E164BC4 /* Pods_SDD_Case_4.framework in Frameworks */,
			);
			runOnlyForDeploymentPostprocessing = 0;
		};
		C5C7E7682B3763980068AE27 /* Frameworks */ = {
			isa = PBXFrameworksBuildPhase;
			buildActionMask = 2147483647;
			files = (
			);
			runOnlyForDeploymentPostprocessing = 0;
		};
/* End PBXFrameworksBuildPhase section */

/* Begin PBXGroup section */
		8FEAFB21752070EB85EB3D56 /* Frameworks */ = {
			isa = PBXGroup;
			children = (
				580BE39F758815B264DE30DF /* Pods_SDD_Case_4.framework */,
			);
			name = Frameworks;
			sourceTree = "<group>";
		};
		B08700B34B16B669B11E181D /* Pods */ = {
			isa = PBXGroup;
			children = (
				33E0CCD5BD4811FC6B21EE25 /* Pods-SDD-Case-4.debug.xcconfig */,
				DA93C598ADF6DE446C966233 /* Pods-SDD-Case-4.release.xcconfig */,
			);
			path = Pods;
			sourceTree = "<group>";
		};
		C54649302B35361E0040AD86 = {
			isa = PBXGroup;
			children = (
				C546493B2B35361E0040AD86 /* SDD-Case-4 */,
				C5C7E76C2B3763980068AE27 /* SDD-Case-4Tests */,
				C546493A2B35361E0040AD86 /* Products */,
				B08700B34B16B669B11E181D /* Pods */,
				8FEAFB21752070EB85EB3D56 /* Frameworks */,
			);
			sourceTree = "<group>";
		};
		C546493A2B35361E0040AD86 /* Products */ = {
			isa = PBXGroup;
			children = (
				C54649392B35361E0040AD86 /* SDD-Case-4.app */,
				C5C7E76B2B3763980068AE27 /* SDD-Case-4Tests.xctest */,
			);
			name = Products;
			sourceTree = "<group>";
		};
		C546493B2B35361E0040AD86 /* SDD-Case-4 */ = {
			isa = PBXGroup;
			children = (
				C5C7DFA22B356C910000DC75 /* Helper */,
				C5C7DF952B3557AB0000DC75 /* DeepLink */,
				C5C7DF882B3554E20000DC75 /* Home */,
				C5C7DF872B353F910000DC75 /* SDD-Case-4.entitlements */,
				C546493C2B35361E0040AD86 /* AppDelegate.swift */,
				C546493E2B35361E0040AD86 /* SceneDelegate.swift */,
				C54649452B35361F0040AD86 /* Assets.xcassets */,
				C54649472B35361F0040AD86 /* LaunchScreen.storyboard */,
				C546494A2B35361F0040AD86 /* Info.plist */,
				C54649502B35367D0040AD86 /* GoogleService-Info.plist */,
			);
			path = "SDD-Case-4";
			sourceTree = "<group>";
		};
		C5C7DF882B3554E20000DC75 /* Home */ = {
			isa = PBXGroup;
			children = (
				C5C7DF892B3554FB0000DC75 /* HomeViewController.swift */,
				C5C7DF8B2B3555060000DC75 /* HomeInteractor.swift */,
				C5C7DF8D2B3555100000DC75 /* HomePresenter.swift */,
				C5C7DF8F2B35552A0000DC75 /* HomeEntity.swift */,
				C5C7DF912B3555390000DC75 /* HomeRouter.swift */,
				C5C7DF932B3555420000DC75 /* HomeProtocols.swift */,
			);
			path = Home;
			sourceTree = "<group>";
		};
		C5C7DF952B3557AB0000DC75 /* DeepLink */ = {
			isa = PBXGroup;
			children = (
				C5C7DF962B3557B90000DC75 /* DeepLinkViewController.swift */,
				C5C7DF982B3557C40000DC75 /* DeepLinkInteractor.swift */,
				C5C7DF9A2B3557D90000DC75 /* DeepLinkPresenter.swift */,
				C5C7DF9C2B3557E40000DC75 /* DeepLinkEntity.swift */,
				C5C7DF9E2B3557EE0000DC75 /* DeepLinkRouter.swift */,
				C5C7DFA02B3557F60000DC75 /* DeepLinkProtocols.swift */,
			);
			path = DeepLink;
			sourceTree = "<group>";
		};
		C5C7DFA22B356C910000DC75 /* Helper */ = {
			isa = PBXGroup;
			children = (
				C5C7DFA32B356C990000DC75 /* URL.swift */,
				C5C7DFA72B35746E0000DC75 /* UIView.swift */,
			);
			path = Helper;
			sourceTree = "<group>";
		};
		C5C7E76C2B3763980068AE27 /* SDD-Case-4Tests */ = {
			isa = PBXGroup;
			children = (
				C5C7E76D2B3763980068AE27 /* SDD_Case_4Tests.swift */,
			);
			path = "SDD-Case-4Tests";
			sourceTree = "<group>";
		};
/* End PBXGroup section */

/* Begin PBXNativeTarget section */
		C54649382B35361E0040AD86 /* SDD-Case-4 */ = {
			isa = PBXNativeTarget;
			buildConfigurationList = C546494D2B35361F0040AD86 /* Build configuration list for PBXNativeTarget "SDD-Case-4" */;
			buildPhases = (
				74F90834484BE7E4C1F197AA /* [CP] Check Pods Manifest.lock */,
				C54649352B35361E0040AD86 /* Sources */,
				C54649362B35361E0040AD86 /* Frameworks */,
				C54649372B35361E0040AD86 /* Resources */,
			);
			buildRules = (
			);
			dependencies = (
			);
			name = "SDD-Case-4";
			packageProductDependencies = (
				C5C7DF832B3537AE0000DC75 /* FirebaseAnalytics */,
				C5C7DF852B3537AE0000DC75 /* FirebaseMessaging */,
			);
			productName = "SDD-Case-4";
			productReference = C54649392B35361E0040AD86 /* SDD-Case-4.app */;
			productType = "com.apple.product-type.application";
		};
		C5C7E76A2B3763980068AE27 /* SDD-Case-4Tests */ = {
			isa = PBXNativeTarget;
			buildConfigurationList = C5C7E7732B3763980068AE27 /* Build configuration list for PBXNativeTarget "SDD-Case-4Tests" */;
			buildPhases = (
				C5C7E7672B3763980068AE27 /* Sources */,
				C5C7E7682B3763980068AE27 /* Frameworks */,
				C5C7E7692B3763980068AE27 /* Resources */,
			);
			buildRules = (
			);
			dependencies = (
				C5C7E7702B3763980068AE27 /* PBXTargetDependency */,
			);
			name = "SDD-Case-4Tests";
			productName = "SDD-Case-4Tests";
			productReference = C5C7E76B2B3763980068AE27 /* SDD-Case-4Tests.xctest */;
			productType = "com.apple.product-type.bundle.unit-test";
		};
/* End PBXNativeTarget section */

/* Begin PBXProject section */
		C54649312B35361E0040AD86 /* Project object */ = {
			isa = PBXProject;
			attributes = {
				BuildIndependentTargetsInParallel = 1;
				LastSwiftUpdateCheck = 1500;
				LastUpgradeCheck = 1500;
				TargetAttributes = {
					C54649382B35361E0040AD86 = {
						CreatedOnToolsVersion = 15.0;
					};
					C5C7E76A2B3763980068AE27 = {
						CreatedOnToolsVersion = 15.0;
						TestTargetID = C54649382B35361E0040AD86;
					};
				};
			};
			buildConfigurationList = C54649342B35361E0040AD86 /* Build configuration list for PBXProject "SDD-Case-4" */;
			compatibilityVersion = "Xcode 14.0";
			developmentRegion = en;
			hasScannedForEncodings = 0;
			knownRegions = (
				en,
				Base,
			);
			mainGroup = C54649302B35361E0040AD86;
			packageReferences = (
				C5C7DF822B3537AE0000DC75 /* XCRemoteSwiftPackageReference "firebase-ios-sdk" */,
			);
			productRefGroup = C546493A2B35361E0040AD86 /* Products */;
			projectDirPath = "";
			projectRoot = "";
			targets = (
				C54649382B35361E0040AD86 /* SDD-Case-4 */,
				C5C7E76A2B3763980068AE27 /* SDD-Case-4Tests */,
			);
		};
/* End PBXProject section */

/* Begin PBXResourcesBuildPhase section */
		C54649372B35361E0040AD86 /* Resources */ = {
			isa = PBXResourcesBuildPhase;
			buildActionMask = 2147483647;
			files = (
				C54649492B35361F0040AD86 /* LaunchScreen.storyboard in Resources */,
				C54649462B35361F0040AD86 /* Assets.xcassets in Resources */,
				C54649512B35367D0040AD86 /* GoogleService-Info.plist in Resources */,
			);
			runOnlyForDeploymentPostprocessing = 0;
		};
		C5C7E7692B3763980068AE27 /* Resources */ = {
			isa = PBXResourcesBuildPhase;
			buildActionMask = 2147483647;
			files = (
			);
			runOnlyForDeploymentPostprocessing = 0;
		};
/* End PBXResourcesBuildPhase section */

/* Begin PBXShellScriptBuildPhase section */
		74F90834484BE7E4C1F197AA /* [CP] Check Pods Manifest.lock */ = {
			isa = PBXShellScriptBuildPhase;
			buildActionMask = 2147483647;
			files = (
			);
			inputFileListPaths = (
			);
			inputPaths = (
				"${PODS_PODFILE_DIR_PATH}/Podfile.lock",
				"${PODS_ROOT}/Manifest.lock",
			);
			name = "[CP] Check Pods Manifest.lock";
			outputFileListPaths = (
			);
			outputPaths = (
				"$(DERIVED_FILE_DIR)/Pods-SDD-Case-4-checkManifestLockResult.txt",
			);
			runOnlyForDeploymentPostprocessing = 0;
			shellPath = /bin/sh;
			shellScript = "diff \"${PODS_PODFILE_DIR_PATH}/Podfile.lock\" \"${PODS_ROOT}/Manifest.lock\" > /dev/null\nif [ $? != 0 ] ; then\n    # print error to STDERR\n    echo \"error: The sandbox is not in sync with the Podfile.lock. Run 'pod install' or update your CocoaPods installation.\" >&2\n    exit 1\nfi\n# This output is used by Xcode 'outputs' to avoid re-running this script phase.\necho \"SUCCESS\" > \"${SCRIPT_OUTPUT_FILE_0}\"\n";
			showEnvVarsInLog = 0;
		};
/* End PBXShellScriptBuildPhase section */

/* Begin PBXSourcesBuildPhase section */
		C54649352B35361E0040AD86 /* Sources */ = {
			isa = PBXSourcesBuildPhase;
			buildActionMask = 2147483647;
			files = (
				C5C7DFA82B35746E0000DC75 /* UIView.swift in Sources */,
				C5C7DF972B3557B90000DC75 /* DeepLinkViewController.swift in Sources */,
				C546493D2B35361E0040AD86 /* AppDelegate.swift in Sources */,
				C5C7DF992B3557C40000DC75 /* DeepLinkInteractor.swift in Sources */,
				C5C7DF902B35552A0000DC75 /* HomeEntity.swift in Sources */,
				C5C7DF9D2B3557E40000DC75 /* DeepLinkEntity.swift in Sources */,
				C5C7DFA42B356C990000DC75 /* URL.swift in Sources */,
				C546493F2B35361E0040AD86 /* SceneDelegate.swift in Sources */,
				C5C7DF9B2B3557D90000DC75 /* DeepLinkPresenter.swift in Sources */,
				C5C7DF942B3555420000DC75 /* HomeProtocols.swift in Sources */,
				C5C7DF8E2B3555100000DC75 /* HomePresenter.swift in Sources */,
				C5C7DF9F2B3557EE0000DC75 /* DeepLinkRouter.swift in Sources */,
				C5C7DF922B3555390000DC75 /* HomeRouter.swift in Sources */,
				C5C7DFA12B3557F70000DC75 /* DeepLinkProtocols.swift in Sources */,
				C5C7DF8C2B3555060000DC75 /* HomeInteractor.swift in Sources */,
				C5C7DF8A2B3554FB0000DC75 /* HomeViewController.swift in Sources */,
			);
			runOnlyForDeploymentPostprocessing = 0;
		};
		C5C7E7672B3763980068AE27 /* Sources */ = {
			isa = PBXSourcesBuildPhase;
			buildActionMask = 2147483647;
			files = (
				C5C7E76E2B3763980068AE27 /* SDD_Case_4Tests.swift in Sources */,
			);
			runOnlyForDeploymentPostprocessing = 0;
		};
/* End PBXSourcesBuildPhase section */

/* Begin PBXTargetDependency section */
		C5C7E7702B3763980068AE27 /* PBXTargetDependency */ = {
			isa = PBXTargetDependency;
			target = C54649382B35361E0040AD86 /* SDD-Case-4 */;
			targetProxy = C5C7E76F2B3763980068AE27 /* PBXContainerItemProxy */;
		};
/* End PBXTargetDependency section */

/* Begin PBXVariantGroup section */
		C54649472B35361F0040AD86 /* LaunchScreen.storyboard */ = {
			isa = PBXVariantGroup;
			children = (
				C54649482B35361F0040AD86 /* Base */,
			);
			name = LaunchScreen.storyboard;
			sourceTree = "<group>";
		};
/* End PBXVariantGroup section */

/* Begin XCBuildConfiguration section */
		C546494B2B35361F0040AD86 /* Debug */ = {
			isa = XCBuildConfiguration;
			buildSettings = {
				ALWAYS_SEARCH_USER_PATHS = NO;
				ASSETCATALOG_COMPILER_GENERATE_SWIFT_ASSET_SYMBOL_EXTENSIONS = YES;
				CLANG_ANALYZER_NONNULL = YES;
				CLANG_ANALYZER_NUMBER_OBJECT_CONVERSION = YES_AGGRESSIVE;
				CLANG_CXX_LANGUAGE_STANDARD = "gnu++20";
				CLANG_ENABLE_MODULES = YES;
				CLANG_ENABLE_OBJC_ARC = YES;
				CLANG_ENABLE_OBJC_WEAK = YES;
				CLANG_WARN_BLOCK_CAPTURE_AUTORELEASING = YES;
				CLANG_WARN_BOOL_CONVERSION = YES;
				CLANG_WARN_COMMA = YES;
				CLANG_WARN_CONSTANT_CONVERSION = YES;
				CLANG_WARN_DEPRECATED_OBJC_IMPLEMENTATIONS = YES;
				CLANG_WARN_DIRECT_OBJC_ISA_USAGE = YES_ERROR;
				CLANG_WARN_DOCUMENTATION_COMMENTS = YES;
				CLANG_WARN_EMPTY_BODY = YES;
				CLANG_WARN_ENUM_CONVERSION = YES;
				CLANG_WARN_INFINITE_RECURSION = YES;
				CLANG_WARN_INT_CONVERSION = YES;
				CLANG_WARN_NON_LITERAL_NULL_CONVERSION = YES;
				CLANG_WARN_OBJC_IMPLICIT_RETAIN_SELF = YES;
				CLANG_WARN_OBJC_LITERAL_CONVERSION = YES;
				CLANG_WARN_OBJC_ROOT_CLASS = YES_ERROR;
				CLANG_WARN_QUOTED_INCLUDE_IN_FRAMEWORK_HEADER = YES;
				CLANG_WARN_RANGE_LOOP_ANALYSIS = YES;
				CLANG_WARN_STRICT_PROTOTYPES = YES;
				CLANG_WARN_SUSPICIOUS_MOVE = YES;
				CLANG_WARN_UNGUARDED_AVAILABILITY = YES_AGGRESSIVE;
				CLANG_WARN_UNREACHABLE_CODE = YES;
				CLANG_WARN__DUPLICATE_METHOD_MATCH = YES;
				COPY_PHASE_STRIP = NO;
				DEBUG_INFORMATION_FORMAT = dwarf;
				ENABLE_STRICT_OBJC_MSGSEND = YES;
				ENABLE_TESTABILITY = YES;
				ENABLE_USER_SCRIPT_SANDBOXING = YES;
				GCC_C_LANGUAGE_STANDARD = gnu17;
				GCC_DYNAMIC_NO_PIC = NO;
				GCC_NO_COMMON_BLOCKS = YES;
				GCC_OPTIMIZATION_LEVEL = 0;
				GCC_PREPROCESSOR_DEFINITIONS = (
					"DEBUG=1",
					"$(inherited)",
				);
				GCC_WARN_64_TO_32_BIT_CONVERSION = YES;
				GCC_WARN_ABOUT_RETURN_TYPE = YES_ERROR;
				GCC_WARN_UNDECLARED_SELECTOR = YES;
				GCC_WARN_UNINITIALIZED_AUTOS = YES_AGGRESSIVE;
				GCC_WARN_UNUSED_FUNCTION = YES;
				GCC_WARN_UNUSED_VARIABLE = YES;
				IPHONEOS_DEPLOYMENT_TARGET = 17.0;
				LOCALIZATION_PREFERS_STRING_CATALOGS = YES;
				MTL_ENABLE_DEBUG_INFO = INCLUDE_SOURCE;
				MTL_FAST_MATH = YES;
				ONLY_ACTIVE_ARCH = YES;
				SDKROOT = iphoneos;
				SWIFT_ACTIVE_COMPILATION_CONDITIONS = "DEBUG $(inherited)";
				SWIFT_OPTIMIZATION_LEVEL = "-Onone";
			};
			name = Debug;
		};
		C546494C2B35361F0040AD86 /* Release */ = {
			isa = XCBuildConfiguration;
			buildSettings = {
				ALWAYS_SEARCH_USER_PATHS = NO;
				ASSETCATALOG_COMPILER_GENERATE_SWIFT_ASSET_SYMBOL_EXTENSIONS = YES;
				CLANG_ANALYZER_NONNULL = YES;
				CLANG_ANALYZER_NUMBER_OBJECT_CONVERSION = YES_AGGRESSIVE;
				CLANG_CXX_LANGUAGE_STANDARD = "gnu++20";
				CLANG_ENABLE_MODULES = YES;
				CLANG_ENABLE_OBJC_ARC = YES;
				CLANG_ENABLE_OBJC_WEAK = YES;
				CLANG_WARN_BLOCK_CAPTURE_AUTORELEASING = YES;
				CLANG_WARN_BOOL_CONVERSION = YES;
				CLANG_WARN_COMMA = YES;
				CLANG_WARN_CONSTANT_CONVERSION = YES;
				CLANG_WARN_DEPRECATED_OBJC_IMPLEMENTATIONS = YES;
				CLANG_WARN_DIRECT_OBJC_ISA_USAGE = YES_ERROR;
				CLANG_WARN_DOCUMENTATION_COMMENTS = YES;
				CLANG_WARN_EMPTY_BODY = YES;
				CLANG_WARN_ENUM_CONVERSION = YES;
				CLANG_WARN_INFINITE_RECURSION = YES;
				CLANG_WARN_INT_CONVERSION = YES;
				CLANG_WARN_NON_LITERAL_NULL_CONVERSION = YES;
				CLANG_WARN_OBJC_IMPLICIT_RETAIN_SELF = YES;
				CLANG_WARN_OBJC_LITERAL_CONVERSION = YES;
				CLANG_WARN_OBJC_ROOT_CLASS = YES_ERROR;
				CLANG_WARN_QUOTED_INCLUDE_IN_FRAMEWORK_HEADER = YES;
				CLANG_WARN_RANGE_LOOP_ANALYSIS = YES;
				CLANG_WARN_STRICT_PROTOTYPES = YES;
				CLANG_WARN_SUSPICIOUS_MOVE = YES;
				CLANG_WARN_UNGUARDED_AVAILABILITY = YES_AGGRESSIVE;
				CLANG_WARN_UNREACHABLE_CODE = YES;
				CLANG_WARN__DUPLICATE_METHOD_MATCH = YES;
				COPY_PHASE_STRIP = NO;
				DEBUG_INFORMATION_FORMAT = "dwarf-with-dsym";
				ENABLE_NS_ASSERTIONS = NO;
				ENABLE_STRICT_OBJC_MSGSEND = YES;
				ENABLE_USER_SCRIPT_SANDBOXING = YES;
				GCC_C_LANGUAGE_STANDARD = gnu17;
				GCC_NO_COMMON_BLOCKS = YES;
				GCC_WARN_64_TO_32_BIT_CONVERSION = YES;
				GCC_WARN_ABOUT_RETURN_TYPE = YES_ERROR;
				GCC_WARN_UNDECLARED_SELECTOR = YES;
				GCC_WARN_UNINITIALIZED_AUTOS = YES_AGGRESSIVE;
				GCC_WARN_UNUSED_FUNCTION = YES;
				GCC_WARN_UNUSED_VARIABLE = YES;
				IPHONEOS_DEPLOYMENT_TARGET = 17.0;
				LOCALIZATION_PREFERS_STRING_CATALOGS = YES;
				MTL_ENABLE_DEBUG_INFO = NO;
				MTL_FAST_MATH = YES;
				SDKROOT = iphoneos;
				SWIFT_COMPILATION_MODE = wholemodule;
				VALIDATE_PRODUCT = YES;
			};
			name = Release;
		};
		C546494E2B35361F0040AD86 /* Debug */ = {
			isa = XCBuildConfiguration;
			baseConfigurationReference = 33E0CCD5BD4811FC6B21EE25 /* Pods-SDD-Case-4.debug.xcconfig */;
			buildSettings = {
				ASSETCATALOG_COMPILER_APPICON_NAME = AppIcon;
				ASSETCATALOG_COMPILER_GLOBAL_ACCENT_COLOR_NAME = AccentColor;
				CODE_SIGN_ENTITLEMENTS = "SDD-Case-4/SDD-Case-4.entitlements";
				CODE_SIGN_STYLE = Automatic;
				CURRENT_PROJECT_VERSION = 1;
				DEVELOPMENT_TEAM = KYR4X9M655;
				GENERATE_INFOPLIST_FILE = YES;
				INFOPLIST_FILE = "SDD-Case-4/Info.plist";
				INFOPLIST_KEY_UIApplicationSupportsIndirectInputEvents = YES;
				INFOPLIST_KEY_UILaunchStoryboardName = LaunchScreen;
				INFOPLIST_KEY_UISupportedInterfaceOrientations_iPad = "UIInterfaceOrientationPortrait UIInterfaceOrientationPortraitUpsideDown UIInterfaceOrientationLandscapeLeft UIInterfaceOrientationLandscapeRight";
				INFOPLIST_KEY_UISupportedInterfaceOrientations_iPhone = "UIInterfaceOrientationPortrait UIInterfaceOrientationLandscapeLeft UIInterfaceOrientationLandscapeRight";
				LD_RUNPATH_SEARCH_PATHS = (
					"$(inherited)",
					"@executable_path/Frameworks",
				);
				MARKETING_VERSION = 1.0;
				PRODUCT_BUNDLE_IDENTIFIER = "com.haikallazuardifadil.SDD-Case-4";
				PRODUCT_NAME = "$(TARGET_NAME)";
				SWIFT_EMIT_LOC_STRINGS = YES;
				SWIFT_VERSION = 5.0;
				TARGETED_DEVICE_FAMILY = "1,2";
			};
			name = Debug;
		};
		C546494F2B35361F0040AD86 /* Release */ = {
			isa = XCBuildConfiguration;
			baseConfigurationReference = DA93C598ADF6DE446C966233 /* Pods-SDD-Case-4.release.xcconfig */;
			buildSettings = {
				ASSETCATALOG_COMPILER_APPICON_NAME = AppIcon;
				ASSETCATALOG_COMPILER_GLOBAL_ACCENT_COLOR_NAME = AccentColor;
				CODE_SIGN_ENTITLEMENTS = "SDD-Case-4/SDD-Case-4.entitlements";
				CODE_SIGN_STYLE = Automatic;
				CURRENT_PROJECT_VERSION = 1;
				DEVELOPMENT_TEAM = KYR4X9M655;
				GENERATE_INFOPLIST_FILE = YES;
				INFOPLIST_FILE = "SDD-Case-4/Info.plist";
				INFOPLIST_KEY_UIApplicationSupportsIndirectInputEvents = YES;
				INFOPLIST_KEY_UILaunchStoryboardName = LaunchScreen;
				INFOPLIST_KEY_UISupportedInterfaceOrientations_iPad = "UIInterfaceOrientationPortrait UIInterfaceOrientationPortraitUpsideDown UIInterfaceOrientationLandscapeLeft UIInterfaceOrientationLandscapeRight";
				INFOPLIST_KEY_UISupportedInterfaceOrientations_iPhone = "UIInterfaceOrientationPortrait UIInterfaceOrientationLandscapeLeft UIInterfaceOrientationLandscapeRight";
				LD_RUNPATH_SEARCH_PATHS = (
					"$(inherited)",
					"@executable_path/Frameworks",
				);
				MARKETING_VERSION = 1.0;
				PRODUCT_BUNDLE_IDENTIFIER = "com.haikallazuardifadil.SDD-Case-4";
				PRODUCT_NAME = "$(TARGET_NAME)";
				SWIFT_EMIT_LOC_STRINGS = YES;
				SWIFT_VERSION = 5.0;
				TARGETED_DEVICE_FAMILY = "1,2";
			};
			name = Release;
		};
		C5C7E7712B3763980068AE27 /* Debug */ = {
			isa = XCBuildConfiguration;
			buildSettings = {
				BUNDLE_LOADER = "$(TEST_HOST)";
				CODE_SIGN_STYLE = Automatic;
				CURRENT_PROJECT_VERSION = 1;
				DEVELOPMENT_TEAM = KYR4X9M655;
				GENERATE_INFOPLIST_FILE = YES;
				MARKETING_VERSION = 1.0;
				PRODUCT_BUNDLE_IDENTIFIER = "com.haikallazuardifadil.SDD-Case-4Tests";
				PRODUCT_NAME = "$(TARGET_NAME)";
				SWIFT_EMIT_LOC_STRINGS = NO;
				SWIFT_VERSION = 5.0;
				TARGETED_DEVICE_FAMILY = "1,2";
				TEST_HOST = "$(BUILT_PRODUCTS_DIR)/SDD-Case-4.app/$(BUNDLE_EXECUTABLE_FOLDER_PATH)/SDD-Case-4";
			};
			name = Debug;
		};
		C5C7E7722B3763980068AE27 /* Release */ = {
			isa = XCBuildConfiguration;
			buildSettings = {
				BUNDLE_LOADER = "$(TEST_HOST)";
				CODE_SIGN_STYLE = Automatic;
				CURRENT_PROJECT_VERSION = 1;
				DEVELOPMENT_TEAM = KYR4X9M655;
				GENERATE_INFOPLIST_FILE = YES;
				MARKETING_VERSION = 1.0;
				PRODUCT_BUNDLE_IDENTIFIER = "com.haikallazuardifadil.SDD-Case-4Tests";
				PRODUCT_NAME = "$(TARGET_NAME)";
				SWIFT_EMIT_LOC_STRINGS = NO;
				SWIFT_VERSION = 5.0;
				TARGETED_DEVICE_FAMILY = "1,2";
				TEST_HOST = "$(BUILT_PRODUCTS_DIR)/SDD-Case-4.app/$(BUNDLE_EXECUTABLE_FOLDER_PATH)/SDD-Case-4";
			};
			name = Release;
		};
/* End XCBuildConfiguration section */

/* Begin XCConfigurationList section */
		C54649342B35361E0040AD86 /* Build configuration list for PBXProject "SDD-Case-4" */ = {
			isa = XCConfigurationList;
			buildConfigurations = (
				C546494B2B35361F0040AD86 /* Debug */,
				C546494C2B35361F0040AD86 /* Release */,
			);
			defaultConfigurationIsVisible = 0;
			defaultConfigurationName = Release;
		};
		C546494D2B35361F0040AD86 /* Build configuration list for PBXNativeTarget "SDD-Case-4" */ = {
			isa = XCConfigurationList;
			buildConfigurations = (
				C546494E2B35361F0040AD86 /* Debug */,
				C546494F2B35361F0040AD86 /* Release */,
			);
			defaultConfigurationIsVisible = 0;
			defaultConfigurationName = Release;
		};
		C5C7E7732B3763980068AE27 /* Build configuration list for PBXNativeTarget "SDD-Case-4Tests" */ = {
			isa = XCConfigurationList;
			buildConfigurations = (
				C5C7E7712B3763980068AE27 /* Debug */,
				C5C7E7722B3763980068AE27 /* Release */,
			);
			defaultConfigurationIsVisible = 0;
			defaultConfigurationName = Release;
		};
/* End XCConfigurationList section */

/* Begin XCRemoteSwiftPackageReference section */
		C5C7DF822B3537AE0000DC75 /* XCRemoteSwiftPackageReference "firebase-ios-sdk" */ = {
			isa = XCRemoteSwiftPackageReference;
			repositoryURL = "https://github.com/firebase/firebase-ios-sdk";
			requirement = {
				kind = upToNextMajorVersion;
				minimumVersion = 10.19.1;
			};
		};
/* End XCRemoteSwiftPackageReference section */

/* Begin XCSwiftPackageProductDependency section */
		C5C7DF832B3537AE0000DC75 /* FirebaseAnalytics */ = {
			isa = XCSwiftPackageProductDependency;
			package = C5C7DF822B3537AE0000DC75 /* XCRemoteSwiftPackageReference "firebase-ios-sdk" */;
			productName = FirebaseAnalytics;
		};
		C5C7DF852B3537AE0000DC75 /* FirebaseMessaging */ = {
			isa = XCSwiftPackageProductDependency;
			package = C5C7DF822B3537AE0000DC75 /* XCRemoteSwiftPackageReference "firebase-ios-sdk" */;
			productName = FirebaseMessaging;
		};
/* End XCSwiftPackageProductDependency section */
	};
	rootObject = C54649312B35361E0040AD86 /* Project object */;
}
