// !$*UTF8*$!
{
	archiveVersion = 1;
	classes = {
	};
	objectVersion = 56;
	objects = {

/* Begin PBXBuildFile section */
		B8815C964597BD7E6D9544FC /* Pods_SDD_Case_3.framework in Frameworks */ = {isa = PBXBuildFile; fileRef = 2883598DC6329B2DB27AF84B /* Pods_SDD_Case_3.framework */; };
		C59044282B34A8AA0043BD0E /* AppDelegate.swift in Sources */ = {isa = PBXBuildFile; fileRef = C59044272B34A8AA0043BD0E /* AppDelegate.swift */; };
		C590442A2B34A8AA0043BD0E /* SceneDelegate.swift in Sources */ = {isa = PBXBuildFile; fileRef = C59044292B34A8AA0043BD0E /* SceneDelegate.swift */; };
		C59044312B34A8AB0043BD0E /* Assets.xcassets in Resources */ = {isa = PBXBuildFile; fileRef = C59044302B34A8AB0043BD0E /* Assets.xcassets */; };
		C59044342B34A8AB0043BD0E /* LaunchScreen.storyboard in Resources */ = {isa = PBXBuildFile; fileRef = C59044322B34A8AB0043BD0E /* LaunchScreen.storyboard */; };
		C590443D2B34A9220043BD0E /* HomeViewController.swift in Sources */ = {isa = PBXBuildFile; fileRef = C590443C2B34A9220043BD0E /* HomeViewController.swift */; };
		C590443F2B34AACF0043BD0E /* HomeInteractor.swift in Sources */ = {isa = PBXBuildFile; fileRef = C590443E2B34AACF0043BD0E /* HomeInteractor.swift */; };
		C59044412B34AAEA0043BD0E /* HomePresenter.swift in Sources */ = {isa = PBXBuildFile; fileRef = C59044402B34AAEA0043BD0E /* HomePresenter.swift */; };
		C59044432B34AAF10043BD0E /* HomeEntity.swift in Sources */ = {isa = PBXBuildFile; fileRef = C59044422B34AAF10043BD0E /* HomeEntity.swift */; };
		C59044452B34AAF70043BD0E /* HomeRouter.swift in Sources */ = {isa = PBXBuildFile; fileRef = C59044442B34AAF70043BD0E /* HomeRouter.swift */; };
		C59044472B34AAFE0043BD0E /* HomeProtocols.swift in Sources */ = {isa = PBXBuildFile; fileRef = C59044462B34AAFE0043BD0E /* HomeProtocols.swift */; };
		C590444C2B34BF770043BD0E /* DonutChartView.swift in Sources */ = {isa = PBXBuildFile; fileRef = C590444B2B34BF770043BD0E /* DonutChartView.swift */; };
		C590444F2B3501A30043BD0E /* IntToMonth.swift in Sources */ = {isa = PBXBuildFile; fileRef = C590444E2B3501A30043BD0E /* IntToMonth.swift */; };
/* End PBXBuildFile section */

/* Begin PBXFileReference section */
		172978996DCD50CCE3789BE1 /* Pods-SDD-Case-3.release.xcconfig */ = {isa = PBXFileReference; includeInIndex = 1; lastKnownFileType = text.xcconfig; name = "Pods-SDD-Case-3.release.xcconfig"; path = "Target Support Files/Pods-SDD-Case-3/Pods-SDD-Case-3.release.xcconfig"; sourceTree = "<group>"; };
		2883598DC6329B2DB27AF84B /* Pods_SDD_Case_3.framework */ = {isa = PBXFileReference; explicitFileType = wrapper.framework; includeInIndex = 0; path = Pods_SDD_Case_3.framework; sourceTree = BUILT_PRODUCTS_DIR; };
		BDC505BA8891F52B9B88253F /* Pods-SDD-Case-3.debug.xcconfig */ = {isa = PBXFileReference; includeInIndex = 1; lastKnownFileType = text.xcconfig; name = "Pods-SDD-Case-3.debug.xcconfig"; path = "Target Support Files/Pods-SDD-Case-3/Pods-SDD-Case-3.debug.xcconfig"; sourceTree = "<group>"; };
		C59044242B34A8AA0043BD0E /* SDD-Case-3.app */ = {isa = PBXFileReference; explicitFileType = wrapper.application; includeInIndex = 0; path = "SDD-Case-3.app"; sourceTree = BUILT_PRODUCTS_DIR; };
		C59044272B34A8AA0043BD0E /* AppDelegate.swift */ = {isa = PBXFileReference; lastKnownFileType = sourcecode.swift; path = AppDelegate.swift; sourceTree = "<group>"; };
		C59044292B34A8AA0043BD0E /* SceneDelegate.swift */ = {isa = PBXFileReference; lastKnownFileType = sourcecode.swift; path = SceneDelegate.swift; sourceTree = "<group>"; };
		C59044302B34A8AB0043BD0E /* Assets.xcassets */ = {isa = PBXFileReference; lastKnownFileType = folder.assetcatalog; path = Assets.xcassets; sourceTree = "<group>"; };
		C59044332B34A8AB0043BD0E /* Base */ = {isa = PBXFileReference; lastKnownFileType = file.storyboard; name = Base; path = Base.lproj/LaunchScreen.storyboard; sourceTree = "<group>"; };
		C59044352B34A8AB0043BD0E /* Info.plist */ = {isa = PBXFileReference; lastKnownFileType = text.plist.xml; path = Info.plist; sourceTree = "<group>"; };
		C590443C2B34A9220043BD0E /* HomeViewController.swift */ = {isa = PBXFileReference; lastKnownFileType = sourcecode.swift; path = HomeViewController.swift; sourceTree = "<group>"; };
		C590443E2B34AACF0043BD0E /* HomeInteractor.swift */ = {isa = PBXFileReference; lastKnownFileType = sourcecode.swift; path = HomeInteractor.swift; sourceTree = "<group>"; };
		C59044402B34AAEA0043BD0E /* HomePresenter.swift */ = {isa = PBXFileReference; lastKnownFileType = sourcecode.swift; path = HomePresenter.swift; sourceTree = "<group>"; };
		C59044422B34AAF10043BD0E /* HomeEntity.swift */ = {isa = PBXFileReference; lastKnownFileType = sourcecode.swift; path = HomeEntity.swift; sourceTree = "<group>"; };
		C59044442B34AAF70043BD0E /* HomeRouter.swift */ = {isa = PBXFileReference; lastKnownFileType = sourcecode.swift; path = HomeRouter.swift; sourceTree = "<group>"; };
		C59044462B34AAFE0043BD0E /* HomeProtocols.swift */ = {isa = PBXFileReference; lastKnownFileType = sourcecode.swift; path = HomeProtocols.swift; sourceTree = "<group>"; };
		C590444B2B34BF770043BD0E /* DonutChartView.swift */ = {isa = PBXFileReference; lastKnownFileType = sourcecode.swift; path = DonutChartView.swift; sourceTree = "<group>"; };
		C590444E2B3501A30043BD0E /* IntToMonth.swift */ = {isa = PBXFileReference; lastKnownFileType = sourcecode.swift; path = IntToMonth.swift; sourceTree = "<group>"; };
/* End PBXFileReference section */

/* Begin PBXFrameworksBuildPhase section */
		C59044212B34A8AA0043BD0E /* Frameworks */ = {
			isa = PBXFrameworksBuildPhase;
			buildActionMask = 2147483647;
			files = (
				B8815C964597BD7E6D9544FC /* Pods_SDD_Case_3.framework in Frameworks */,
			);
			runOnlyForDeploymentPostprocessing = 0;
		};
/* End PBXFrameworksBuildPhase section */

/* Begin PBXGroup section */
		ADF03AEAF9DB107F6B5E6639 /* Frameworks */ = {
			isa = PBXGroup;
			children = (
				2883598DC6329B2DB27AF84B /* Pods_SDD_Case_3.framework */,
			);
			name = Frameworks;
			sourceTree = "<group>";
		};
		C590441B2B34A8AA0043BD0E = {
			isa = PBXGroup;
			children = (
				C59044262B34A8AA0043BD0E /* SDD-Case-3 */,
				C59044252B34A8AA0043BD0E /* Products */,
				EF33B20D9184D1E172454A9B /* Pods */,
				ADF03AEAF9DB107F6B5E6639 /* Frameworks */,
			);
			sourceTree = "<group>";
		};
		C59044252B34A8AA0043BD0E /* Products */ = {
			isa = PBXGroup;
			children = (
				C59044242B34A8AA0043BD0E /* SDD-Case-3.app */,
			);
			name = Products;
			sourceTree = "<group>";
		};
		C59044262B34A8AA0043BD0E /* SDD-Case-3 */ = {
			isa = PBXGroup;
			children = (
				C590444D2B3501880043BD0E /* Charts */,
				C590444A2B34BF410043BD0E /* View */,
				C590443B2B34A9140043BD0E /* Home */,
				C59044272B34A8AA0043BD0E /* AppDelegate.swift */,
				C59044292B34A8AA0043BD0E /* SceneDelegate.swift */,
				C59044302B34A8AB0043BD0E /* Assets.xcassets */,
				C59044322B34A8AB0043BD0E /* LaunchScreen.storyboard */,
				C59044352B34A8AB0043BD0E /* Info.plist */,
			);
			path = "SDD-Case-3";
			sourceTree = "<group>";
		};
		C590443B2B34A9140043BD0E /* Home */ = {
			isa = PBXGroup;
			children = (
				C590443C2B34A9220043BD0E /* HomeViewController.swift */,
				C590443E2B34AACF0043BD0E /* HomeInteractor.swift */,
				C59044402B34AAEA0043BD0E /* HomePresenter.swift */,
				C59044422B34AAF10043BD0E /* HomeEntity.swift */,
				C59044442B34AAF70043BD0E /* HomeRouter.swift */,
				C59044462B34AAFE0043BD0E /* HomeProtocols.swift */,
			);
			path = Home;
			sourceTree = "<group>";
		};
		C590444A2B34BF410043BD0E /* View */ = {
			isa = PBXGroup;
			children = (
				C590444B2B34BF770043BD0E /* DonutChartView.swift */,
			);
			path = View;
			sourceTree = "<group>";
		};
		C590444D2B3501880043BD0E /* Charts */ = {
			isa = PBXGroup;
			children = (
				C590444E2B3501A30043BD0E /* IntToMonth.swift */,
			);
			path = Charts;
			sourceTree = "<group>";
		};
		EF33B20D9184D1E172454A9B /* Pods */ = {
			isa = PBXGroup;
			children = (
				BDC505BA8891F52B9B88253F /* Pods-SDD-Case-3.debug.xcconfig */,
				172978996DCD50CCE3789BE1 /* Pods-SDD-Case-3.release.xcconfig */,
			);
			path = Pods;
			sourceTree = "<group>";
		};
/* End PBXGroup section */

/* Begin PBXNativeTarget section */
		C59044232B34A8AA0043BD0E /* SDD-Case-3 */ = {
			isa = PBXNativeTarget;
			buildConfigurationList = C59044382B34A8AB0043BD0E /* Build configuration list for PBXNativeTarget "SDD-Case-3" */;
			buildPhases = (
				176747F10D827782916B408D /* [CP] Check Pods Manifest.lock */,
				C59044202B34A8AA0043BD0E /* Sources */,
				C59044212B34A8AA0043BD0E /* Frameworks */,
				C59044222B34A8AA0043BD0E /* Resources */,
				84DD13C758912FBA8ADC57EA /* [CP] Embed Pods Frameworks */,
			);
			buildRules = (
			);
			dependencies = (
			);
			name = "SDD-Case-3";
			productName = "SDD-Case-3";
			productReference = C59044242B34A8AA0043BD0E /* SDD-Case-3.app */;
			productType = "com.apple.product-type.application";
		};
/* End PBXNativeTarget section */

/* Begin PBXProject section */
		C590441C2B34A8AA0043BD0E /* Project object */ = {
			isa = PBXProject;
			attributes = {
				BuildIndependentTargetsInParallel = 1;
				LastSwiftUpdateCheck = 1500;
				LastUpgradeCheck = 1500;
				TargetAttributes = {
					C59044232B34A8AA0043BD0E = {
						CreatedOnToolsVersion = 15.0;
					};
				};
			};
			buildConfigurationList = C590441F2B34A8AA0043BD0E /* Build configuration list for PBXProject "SDD-Case-3" */;
			compatibilityVersion = "Xcode 14.0";
			developmentRegion = en;
			hasScannedForEncodings = 0;
			knownRegions = (
				en,
				Base,
			);
			mainGroup = C590441B2B34A8AA0043BD0E;
			productRefGroup = C59044252B34A8AA0043BD0E /* Products */;
			projectDirPath = "";
			projectRoot = "";
			targets = (
				C59044232B34A8AA0043BD0E /* SDD-Case-3 */,
			);
		};
/* End PBXProject section */

/* Begin PBXResourcesBuildPhase section */
		C59044222B34A8AA0043BD0E /* Resources */ = {
			isa = PBXResourcesBuildPhase;
			buildActionMask = 2147483647;
			files = (
				C59044342B34A8AB0043BD0E /* LaunchScreen.storyboard in Resources */,
				C59044312B34A8AB0043BD0E /* Assets.xcassets in Resources */,
			);
			runOnlyForDeploymentPostprocessing = 0;
		};
/* End PBXResourcesBuildPhase section */

/* Begin PBXShellScriptBuildPhase section */
		176747F10D827782916B408D /* [CP] Check Pods Manifest.lock */ = {
			isa = PBXShellScriptBuildPhase;
			buildActionMask = 2147483647;
			files = (
			);
			inputFileListPaths = (
			);
			inputPaths = (
				"${PODS_PODFILE_DIR_PATH}/Podfile.lock",
				"${PODS_ROOT}/Manifest.lock",
			);
			name = "[CP] Check Pods Manifest.lock";
			outputFileListPaths = (
			);
			outputPaths = (
				"$(DERIVED_FILE_DIR)/Pods-SDD-Case-3-checkManifestLockResult.txt",
			);
			runOnlyForDeploymentPostprocessing = 0;
			shellPath = /bin/sh;
			shellScript = "diff \"${PODS_PODFILE_DIR_PATH}/Podfile.lock\" \"${PODS_ROOT}/Manifest.lock\" > /dev/null\nif [ $? != 0 ] ; then\n    # print error to STDERR\n    echo \"error: The sandbox is not in sync with the Podfile.lock. Run 'pod install' or update your CocoaPods installation.\" >&2\n    exit 1\nfi\n# This output is used by Xcode 'outputs' to avoid re-running this script phase.\necho \"SUCCESS\" > \"${SCRIPT_OUTPUT_FILE_0}\"\n";
			showEnvVarsInLog = 0;
		};
		84DD13C758912FBA8ADC57EA /* [CP] Embed Pods Frameworks */ = {
			isa = PBXShellScriptBuildPhase;
			buildActionMask = 2147483647;
			files = (
			);
			inputFileListPaths = (
				"${PODS_ROOT}/Target Support Files/Pods-SDD-Case-3/Pods-SDD-Case-3-frameworks-${CONFIGURATION}-input-files.xcfilelist",
			);
			name = "[CP] Embed Pods Frameworks";
			outputFileListPaths = (
				"${PODS_ROOT}/Target Support Files/Pods-SDD-Case-3/Pods-SDD-Case-3-frameworks-${CONFIGURATION}-output-files.xcfilelist",
			);
			runOnlyForDeploymentPostprocessing = 0;
			shellPath = /bin/sh;
			shellScript = "\"${PODS_ROOT}/Target Support Files/Pods-SDD-Case-3/Pods-SDD-Case-3-frameworks.sh\"\n";
			showEnvVarsInLog = 0;
		};
/* End PBXShellScriptBuildPhase section */

/* Begin PBXSourcesBuildPhase section */
		C59044202B34A8AA0043BD0E /* Sources */ = {
			isa = PBXSourcesBuildPhase;
			buildActionMask = 2147483647;
			files = (
				C59044282B34A8AA0043BD0E /* AppDelegate.swift in Sources */,
				C59044432B34AAF10043BD0E /* HomeEntity.swift in Sources */,
				C590444C2B34BF770043BD0E /* DonutChartView.swift in Sources */,
				C590442A2B34A8AA0043BD0E /* SceneDelegate.swift in Sources */,
				C59044472B34AAFE0043BD0E /* HomeProtocols.swift in Sources */,
				C59044412B34AAEA0043BD0E /* HomePresenter.swift in Sources */,
				C59044452B34AAF70043BD0E /* HomeRouter.swift in Sources */,
				C590444F2B3501A30043BD0E /* IntToMonth.swift in Sources */,
				C590443F2B34AACF0043BD0E /* HomeInteractor.swift in Sources */,
				C590443D2B34A9220043BD0E /* HomeViewController.swift in Sources */,
			);
			runOnlyForDeploymentPostprocessing = 0;
		};
/* End PBXSourcesBuildPhase section */

/* Begin PBXVariantGroup section */
		C59044322B34A8AB0043BD0E /* LaunchScreen.storyboard */ = {
			isa = PBXVariantGroup;
			children = (
				C59044332B34A8AB0043BD0E /* Base */,
			);
			name = LaunchScreen.storyboard;
			sourceTree = "<group>";
		};
/* End PBXVariantGroup section */

/* Begin XCBuildConfiguration section */
		C59044362B34A8AB0043BD0E /* Debug */ = {
			isa = XCBuildConfiguration;
			buildSettings = {
				ALWAYS_SEARCH_USER_PATHS = NO;
				ASSETCATALOG_COMPILER_GENERATE_SWIFT_ASSET_SYMBOL_EXTENSIONS = YES;
				CLANG_ANALYZER_NONNULL = YES;
				CLANG_ANALYZER_NUMBER_OBJECT_CONVERSION = YES_AGGRESSIVE;
				CLANG_CXX_LANGUAGE_STANDARD = "gnu++20";
				CLANG_ENABLE_MODULES = YES;
				CLANG_ENABLE_OBJC_ARC = YES;
				CLANG_ENABLE_OBJC_WEAK = YES;
				CLANG_WARN_BLOCK_CAPTURE_AUTORELEASING = YES;
				CLANG_WARN_BOOL_CONVERSION = YES;
				CLANG_WARN_COMMA = YES;
				CLANG_WARN_CONSTANT_CONVERSION = YES;
				CLANG_WARN_DEPRECATED_OBJC_IMPLEMENTATIONS = YES;
				CLANG_WARN_DIRECT_OBJC_ISA_USAGE = YES_ERROR;
				CLANG_WARN_DOCUMENTATION_COMMENTS = YES;
				CLANG_WARN_EMPTY_BODY = YES;
				CLANG_WARN_ENUM_CONVERSION = YES;
				CLANG_WARN_INFINITE_RECURSION = YES;
				CLANG_WARN_INT_CONVERSION = YES;
				CLANG_WARN_NON_LITERAL_NULL_CONVERSION = YES;
				CLANG_WARN_OBJC_IMPLICIT_RETAIN_SELF = YES;
				CLANG_WARN_OBJC_LITERAL_CONVERSION = YES;
				CLANG_WARN_OBJC_ROOT_CLASS = YES_ERROR;
				CLANG_WARN_QUOTED_INCLUDE_IN_FRAMEWORK_HEADER = YES;
				CLANG_WARN_RANGE_LOOP_ANALYSIS = YES;
				CLANG_WARN_STRICT_PROTOTYPES = YES;
				CLANG_WARN_SUSPICIOUS_MOVE = YES;
				CLANG_WARN_UNGUARDED_AVAILABILITY = YES_AGGRESSIVE;
				CLANG_WARN_UNREACHABLE_CODE = YES;
				CLANG_WARN__DUPLICATE_METHOD_MATCH = YES;
				COPY_PHASE_STRIP = NO;
				DEBUG_INFORMATION_FORMAT = dwarf;
				ENABLE_STRICT_OBJC_MSGSEND = YES;
				ENABLE_TESTABILITY = YES;
				ENABLE_USER_SCRIPT_SANDBOXING = YES;
				GCC_C_LANGUAGE_STANDARD = gnu17;
				GCC_DYNAMIC_NO_PIC = NO;
				GCC_NO_COMMON_BLOCKS = YES;
				GCC_OPTIMIZATION_LEVEL = 0;
				GCC_PREPROCESSOR_DEFINITIONS = (
					"DEBUG=1",
					"$(inherited)",
				);
				GCC_WARN_64_TO_32_BIT_CONVERSION = YES;
				GCC_WARN_ABOUT_RETURN_TYPE = YES_ERROR;
				GCC_WARN_UNDECLARED_SELECTOR = YES;
				GCC_WARN_UNINITIALIZED_AUTOS = YES_AGGRESSIVE;
				GCC_WARN_UNUSED_FUNCTION = YES;
				GCC_WARN_UNUSED_VARIABLE = YES;
				IPHONEOS_DEPLOYMENT_TARGET = 17.0;
				LOCALIZATION_PREFERS_STRING_CATALOGS = YES;
				MTL_ENABLE_DEBUG_INFO = INCLUDE_SOURCE;
				MTL_FAST_MATH = YES;
				ONLY_ACTIVE_ARCH = YES;
				SDKROOT = iphoneos;
				SWIFT_ACTIVE_COMPILATION_CONDITIONS = "DEBUG $(inherited)";
				SWIFT_OPTIMIZATION_LEVEL = "-Onone";
			};
			name = Debug;
		};
		C59044372B34A8AB0043BD0E /* Release */ = {
			isa = XCBuildConfiguration;
			buildSettings = {
				ALWAYS_SEARCH_USER_PATHS = NO;
				ASSETCATALOG_COMPILER_GENERATE_SWIFT_ASSET_SYMBOL_EXTENSIONS = YES;
				CLANG_ANALYZER_NONNULL = YES;
				CLANG_ANALYZER_NUMBER_OBJECT_CONVERSION = YES_AGGRESSIVE;
				CLANG_CXX_LANGUAGE_STANDARD = "gnu++20";
				CLANG_ENABLE_MODULES = YES;
				CLANG_ENABLE_OBJC_ARC = YES;
				CLANG_ENABLE_OBJC_WEAK = YES;
				CLANG_WARN_BLOCK_CAPTURE_AUTORELEASING = YES;
				CLANG_WARN_BOOL_CONVERSION = YES;
				CLANG_WARN_COMMA = YES;
				CLANG_WARN_CONSTANT_CONVERSION = YES;
				CLANG_WARN_DEPRECATED_OBJC_IMPLEMENTATIONS = YES;
				CLANG_WARN_DIRECT_OBJC_ISA_USAGE = YES_ERROR;
				CLANG_WARN_DOCUMENTATION_COMMENTS = YES;
				CLANG_WARN_EMPTY_BODY = YES;
				CLANG_WARN_ENUM_CONVERSION = YES;
				CLANG_WARN_INFINITE_RECURSION = YES;
				CLANG_WARN_INT_CONVERSION = YES;
				CLANG_WARN_NON_LITERAL_NULL_CONVERSION = YES;
				CLANG_WARN_OBJC_IMPLICIT_RETAIN_SELF = YES;
				CLANG_WARN_OBJC_LITERAL_CONVERSION = YES;
				CLANG_WARN_OBJC_ROOT_CLASS = YES_ERROR;
				CLANG_WARN_QUOTED_INCLUDE_IN_FRAMEWORK_HEADER = YES;
				CLANG_WARN_RANGE_LOOP_ANALYSIS = YES;
				CLANG_WARN_STRICT_PROTOTYPES = YES;
				CLANG_WARN_SUSPICIOUS_MOVE = YES;
				CLANG_WARN_UNGUARDED_AVAILABILITY = YES_AGGRESSIVE;
				CLANG_WARN_UNREACHABLE_CODE = YES;
				CLANG_WARN__DUPLICATE_METHOD_MATCH = YES;
				COPY_PHASE_STRIP = NO;
				DEBUG_INFORMATION_FORMAT = "dwarf-with-dsym";
				ENABLE_NS_ASSERTIONS = NO;
				ENABLE_STRICT_OBJC_MSGSEND = YES;
				ENABLE_USER_SCRIPT_SANDBOXING = YES;
				GCC_C_LANGUAGE_STANDARD = gnu17;
				GCC_NO_COMMON_BLOCKS = YES;
				GCC_WARN_64_TO_32_BIT_CONVERSION = YES;
				GCC_WARN_ABOUT_RETURN_TYPE = YES_ERROR;
				GCC_WARN_UNDECLARED_SELECTOR = YES;
				GCC_WARN_UNINITIALIZED_AUTOS = YES_AGGRESSIVE;
				GCC_WARN_UNUSED_FUNCTION = YES;
				GCC_WARN_UNUSED_VARIABLE = YES;
				IPHONEOS_DEPLOYMENT_TARGET = 17.0;
				LOCALIZATION_PREFERS_STRING_CATALOGS = YES;
				MTL_ENABLE_DEBUG_INFO = NO;
				MTL_FAST_MATH = YES;
				SDKROOT = iphoneos;
				SWIFT_COMPILATION_MODE = wholemodule;
				VALIDATE_PRODUCT = YES;
			};
			name = Release;
		};
		C59044392B34A8AB0043BD0E /* Debug */ = {
			isa = XCBuildConfiguration;
			baseConfigurationReference = BDC505BA8891F52B9B88253F /* Pods-SDD-Case-3.debug.xcconfig */;
			buildSettings = {
				ASSETCATALOG_COMPILER_APPICON_NAME = AppIcon;
				ASSETCATALOG_COMPILER_GLOBAL_ACCENT_COLOR_NAME = AccentColor;
				CODE_SIGN_STYLE = Automatic;
				CURRENT_PROJECT_VERSION = 1;
				DEVELOPMENT_TEAM = KYR4X9M655;
				ENABLE_USER_SCRIPT_SANDBOXING = NO;
				GENERATE_INFOPLIST_FILE = YES;
				INFOPLIST_FILE = "SDD-Case-3/Info.plist";
				INFOPLIST_KEY_UIApplicationSupportsIndirectInputEvents = YES;
				INFOPLIST_KEY_UILaunchStoryboardName = LaunchScreen;
				INFOPLIST_KEY_UISupportedInterfaceOrientations_iPad = "UIInterfaceOrientationPortrait UIInterfaceOrientationPortraitUpsideDown UIInterfaceOrientationLandscapeLeft UIInterfaceOrientationLandscapeRight";
				INFOPLIST_KEY_UISupportedInterfaceOrientations_iPhone = "UIInterfaceOrientationPortrait UIInterfaceOrientationLandscapeLeft UIInterfaceOrientationLandscapeRight";
				LD_RUNPATH_SEARCH_PATHS = (
					"$(inherited)",
					"@executable_path/Frameworks",
				);
				MARKETING_VERSION = 1.0;
				PRODUCT_BUNDLE_IDENTIFIER = "com.haikallazuardifadil.SDD-Case-3";
				PRODUCT_NAME = "$(TARGET_NAME)";
				SWIFT_EMIT_LOC_STRINGS = YES;
				SWIFT_VERSION = 5.0;
				TARGETED_DEVICE_FAMILY = "1,2";
			};
			name = Debug;
		};
		C590443A2B34A8AB0043BD0E /* Release */ = {
			isa = XCBuildConfiguration;
			baseConfigurationReference = 172978996DCD50CCE3789BE1 /* Pods-SDD-Case-3.release.xcconfig */;
			buildSettings = {
				ASSETCATALOG_COMPILER_APPICON_NAME = AppIcon;
				ASSETCATALOG_COMPILER_GLOBAL_ACCENT_COLOR_NAME = AccentColor;
				CODE_SIGN_STYLE = Automatic;
				CURRENT_PROJECT_VERSION = 1;
				DEVELOPMENT_TEAM = KYR4X9M655;
				ENABLE_USER_SCRIPT_SANDBOXING = NO;
				GENERATE_INFOPLIST_FILE = YES;
				INFOPLIST_FILE = "SDD-Case-3/Info.plist";
				INFOPLIST_KEY_UIApplicationSupportsIndirectInputEvents = YES;
				INFOPLIST_KEY_UILaunchStoryboardName = LaunchScreen;
				INFOPLIST_KEY_UISupportedInterfaceOrientations_iPad = "UIInterfaceOrientationPortrait UIInterfaceOrientationPortraitUpsideDown UIInterfaceOrientationLandscapeLeft UIInterfaceOrientationLandscapeRight";
				INFOPLIST_KEY_UISupportedInterfaceOrientations_iPhone = "UIInterfaceOrientationPortrait UIInterfaceOrientationLandscapeLeft UIInterfaceOrientationLandscapeRight";
				LD_RUNPATH_SEARCH_PATHS = (
					"$(inherited)",
					"@executable_path/Frameworks",
				);
				MARKETING_VERSION = 1.0;
				PRODUCT_BUNDLE_IDENTIFIER = "com.haikallazuardifadil.SDD-Case-3";
				PRODUCT_NAME = "$(TARGET_NAME)";
				SWIFT_EMIT_LOC_STRINGS = YES;
				SWIFT_VERSION = 5.0;
				TARGETED_DEVICE_FAMILY = "1,2";
			};
			name = Release;
		};
/* End XCBuildConfiguration section */

/* Begin XCConfigurationList section */
		C590441F2B34A8AA0043BD0E /* Build configuration list for PBXProject "SDD-Case-3" */ = {
			isa = XCConfigurationList;
			buildConfigurations = (
				C59044362B34A8AB0043BD0E /* Debug */,
				C59044372B34A8AB0043BD0E /* Release */,
			);
			defaultConfigurationIsVisible = 0;
			defaultConfigurationName = Release;
		};
		C59044382B34A8AB0043BD0E /* Build configuration list for PBXNativeTarget "SDD-Case-3" */ = {
			isa = XCConfigurationList;
			buildConfigurations = (
				C59044392B34A8AB0043BD0E /* Debug */,
				C590443A2B34A8AB0043BD0E /* Release */,
			);
			defaultConfigurationIsVisible = 0;
			defaultConfigurationName = Release;
		};
/* End XCConfigurationList section */
	};
	rootObject = C590441C2B34A8AA0043BD0E /* Project object */;
}
