// !$*UTF8*$!
{
	archiveVersion = 1;
	classes = {
	};
	objectVersion = 56;
	objects = {

/* Begin PBXBuildFile section */
		C59044032B34A3690043BD0E /* AppDelegate.swift in Sources */ = {isa = PBXBuildFile; fileRef = C59044022B34A3690043BD0E /* AppDelegate.swift */; };
		C59044052B34A3690043BD0E /* SceneDelegate.swift in Sources */ = {isa = PBXBuildFile; fileRef = C59044042B34A3690043BD0E /* SceneDelegate.swift */; };
		C590440C2B34A36A0043BD0E /* Assets.xcassets in Resources */ = {isa = PBXBuildFile; fileRef = C590440B2B34A36A0043BD0E /* Assets.xcassets */; };
		C590440F2B34A36A0043BD0E /* LaunchScreen.storyboard in Resources */ = {isa = PBXBuildFile; fileRef = C590440D2B34A36A0043BD0E /* LaunchScreen.storyboard */; };
		C59044182B34A6870043BD0E /* HomeViewController.swift in Sources */ = {isa = PBXBuildFile; fileRef = C59044172B34A6870043BD0E /* HomeViewController.swift */; };
		C590441A2B34A6900043BD0E /* HomeInteractor.swift in Sources */ = {isa = PBXBuildFile; fileRef = C59044192B34A6900043BD0E /* HomeInteractor.swift */; };
		C59044602B35223C0043BD0E /* HomePresenter.swift in Sources */ = {isa = PBXBuildFile; fileRef = C590445F2B35223C0043BD0E /* HomePresenter.swift */; };
		C59044622B3522490043BD0E /* HomeEntity.swift in Sources */ = {isa = PBXBuildFile; fileRef = C59044612B3522490043BD0E /* HomeEntity.swift */; };
		C59044642B35225D0043BD0E /* HomeRouter.swift in Sources */ = {isa = PBXBuildFile; fileRef = C59044632B35225D0043BD0E /* HomeRouter.swift */; };
		C59044662B3522650043BD0E /* HomeProtocols.swift in Sources */ = {isa = PBXBuildFile; fileRef = C59044652B3522650043BD0E /* HomeProtocols.swift */; };
/* End PBXBuildFile section */

/* Begin PBXFileReference section */
		C59043FF2B34A3690043BD0E /* SDD-Case-2.app */ = {isa = PBXFileReference; explicitFileType = wrapper.application; includeInIndex = 0; path = "SDD-Case-2.app"; sourceTree = BUILT_PRODUCTS_DIR; };
		C59044022B34A3690043BD0E /* AppDelegate.swift */ = {isa = PBXFileReference; lastKnownFileType = sourcecode.swift; path = AppDelegate.swift; sourceTree = "<group>"; };
		C59044042B34A3690043BD0E /* SceneDelegate.swift */ = {isa = PBXFileReference; lastKnownFileType = sourcecode.swift; path = SceneDelegate.swift; sourceTree = "<group>"; };
		C590440B2B34A36A0043BD0E /* Assets.xcassets */ = {isa = PBXFileReference; lastKnownFileType = folder.assetcatalog; path = Assets.xcassets; sourceTree = "<group>"; };
		C590440E2B34A36A0043BD0E /* Base */ = {isa = PBXFileReference; lastKnownFileType = file.storyboard; name = Base; path = Base.lproj/LaunchScreen.storyboard; sourceTree = "<group>"; };
		C59044102B34A36A0043BD0E /* Info.plist */ = {isa = PBXFileReference; lastKnownFileType = text.plist.xml; path = Info.plist; sourceTree = "<group>"; };
		C59044172B34A6870043BD0E /* HomeViewController.swift */ = {isa = PBXFileReference; lastKnownFileType = sourcecode.swift; path = HomeViewController.swift; sourceTree = "<group>"; };
		C59044192B34A6900043BD0E /* HomeInteractor.swift */ = {isa = PBXFileReference; lastKnownFileType = sourcecode.swift; path = HomeInteractor.swift; sourceTree = "<group>"; };
		C590445F2B35223C0043BD0E /* HomePresenter.swift */ = {isa = PBXFileReference; lastKnownFileType = sourcecode.swift; path = HomePresenter.swift; sourceTree = "<group>"; };
		C59044612B3522490043BD0E /* HomeEntity.swift */ = {isa = PBXFileReference; lastKnownFileType = sourcecode.swift; path = HomeEntity.swift; sourceTree = "<group>"; };
		C59044632B35225D0043BD0E /* HomeRouter.swift */ = {isa = PBXFileReference; lastKnownFileType = sourcecode.swift; path = HomeRouter.swift; sourceTree = "<group>"; };
		C59044652B3522650043BD0E /* HomeProtocols.swift */ = {isa = PBXFileReference; lastKnownFileType = sourcecode.swift; path = HomeProtocols.swift; sourceTree = "<group>"; };
/* End PBXFileReference section */

/* Begin PBXFrameworksBuildPhase section */
		C59043FC2B34A3690043BD0E /* Frameworks */ = {
			isa = PBXFrameworksBuildPhase;
			buildActionMask = 2147483647;
			files = (
			);
			runOnlyForDeploymentPostprocessing = 0;
		};
/* End PBXFrameworksBuildPhase section */

/* Begin PBXGroup section */
		C59043F62B34A3690043BD0E = {
			isa = PBXGroup;
			children = (
				C59044012B34A3690043BD0E /* SDD-Case-2 */,
				C59044002B34A3690043BD0E /* Products */,
			);
			sourceTree = "<group>";
		};
		C59044002B34A3690043BD0E /* Products */ = {
			isa = PBXGroup;
			children = (
				C59043FF2B34A3690043BD0E /* SDD-Case-2.app */,
			);
			name = Products;
			sourceTree = "<group>";
		};
		C59044012B34A3690043BD0E /* SDD-Case-2 */ = {
			isa = PBXGroup;
			children = (
				C59044162B34A6770043BD0E /* Home */,
				C59044022B34A3690043BD0E /* AppDelegate.swift */,
				C59044042B34A3690043BD0E /* SceneDelegate.swift */,
				C590440B2B34A36A0043BD0E /* Assets.xcassets */,
				C590440D2B34A36A0043BD0E /* LaunchScreen.storyboard */,
				C59044102B34A36A0043BD0E /* Info.plist */,
			);
			path = "SDD-Case-2";
			sourceTree = "<group>";
		};
		C59044162B34A6770043BD0E /* Home */ = {
			isa = PBXGroup;
			children = (
				C59044172B34A6870043BD0E /* HomeViewController.swift */,
				C59044192B34A6900043BD0E /* HomeInteractor.swift */,
				C590445F2B35223C0043BD0E /* HomePresenter.swift */,
				C59044612B3522490043BD0E /* HomeEntity.swift */,
				C59044632B35225D0043BD0E /* HomeRouter.swift */,
				C59044652B3522650043BD0E /* HomeProtocols.swift */,
			);
			path = Home;
			sourceTree = "<group>";
		};
/* End PBXGroup section */

/* Begin PBXNativeTarget section */
		C59043FE2B34A3690043BD0E /* SDD-Case-2 */ = {
			isa = PBXNativeTarget;
			buildConfigurationList = C59044132B34A36A0043BD0E /* Build configuration list for PBXNativeTarget "SDD-Case-2" */;
			buildPhases = (
				C59043FB2B34A3690043BD0E /* Sources */,
				C59043FC2B34A3690043BD0E /* Frameworks */,
				C59043FD2B34A3690043BD0E /* Resources */,
			);
			buildRules = (
			);
			dependencies = (
			);
			name = "SDD-Case-2";
			productName = "SDD-Case-2";
			productReference = C59043FF2B34A3690043BD0E /* SDD-Case-2.app */;
			productType = "com.apple.product-type.application";
		};
/* End PBXNativeTarget section */

/* Begin PBXProject section */
		C59043F72B34A3690043BD0E /* Project object */ = {
			isa = PBXProject;
			attributes = {
				BuildIndependentTargetsInParallel = 1;
				LastSwiftUpdateCheck = 1500;
				LastUpgradeCheck = 1500;
				TargetAttributes = {
					C59043FE2B34A3690043BD0E = {
						CreatedOnToolsVersion = 15.0;
					};
				};
			};
			buildConfigurationList = C59043FA2B34A3690043BD0E /* Build configuration list for PBXProject "SDD-Case-2" */;
			compatibilityVersion = "Xcode 14.0";
			developmentRegion = en;
			hasScannedForEncodings = 0;
			knownRegions = (
				en,
				Base,
			);
			mainGroup = C59043F62B34A3690043BD0E;
			productRefGroup = C59044002B34A3690043BD0E /* Products */;
			projectDirPath = "";
			projectRoot = "";
			targets = (
				C59043FE2B34A3690043BD0E /* SDD-Case-2 */,
			);
		};
/* End PBXProject section */

/* Begin PBXResourcesBuildPhase section */
		C59043FD2B34A3690043BD0E /* Resources */ = {
			isa = PBXResourcesBuildPhase;
			buildActionMask = 2147483647;
			files = (
				C590440F2B34A36A0043BD0E /* LaunchScreen.storyboard in Resources */,
				C590440C2B34A36A0043BD0E /* Assets.xcassets in Resources */,
			);
			runOnlyForDeploymentPostprocessing = 0;
		};
/* End PBXResourcesBuildPhase section */

/* Begin PBXSourcesBuildPhase section */
		C59043FB2B34A3690043BD0E /* Sources */ = {
			isa = PBXSourcesBuildPhase;
			buildActionMask = 2147483647;
			files = (
				C59044032B34A3690043BD0E /* AppDelegate.swift in Sources */,
				C59044622B3522490043BD0E /* HomeEntity.swift in Sources */,
				C59044642B35225D0043BD0E /* HomeRouter.swift in Sources */,
				C59044052B34A3690043BD0E /* SceneDelegate.swift in Sources */,
				C59044662B3522650043BD0E /* HomeProtocols.swift in Sources */,
				C590441A2B34A6900043BD0E /* HomeInteractor.swift in Sources */,
				C59044602B35223C0043BD0E /* HomePresenter.swift in Sources */,
				C59044182B34A6870043BD0E /* HomeViewController.swift in Sources */,
			);
			runOnlyForDeploymentPostprocessing = 0;
		};
/* End PBXSourcesBuildPhase section */

/* Begin PBXVariantGroup section */
		C590440D2B34A36A0043BD0E /* LaunchScreen.storyboard */ = {
			isa = PBXVariantGroup;
			children = (
				C590440E2B34A36A0043BD0E /* Base */,
			);
			name = LaunchScreen.storyboard;
			sourceTree = "<group>";
		};
/* End PBXVariantGroup section */

/* Begin XCBuildConfiguration section */
		C59044112B34A36A0043BD0E /* Debug */ = {
			isa = XCBuildConfiguration;
			buildSettings = {
				ALWAYS_SEARCH_USER_PATHS = NO;
				ASSETCATALOG_COMPILER_GENERATE_SWIFT_ASSET_SYMBOL_EXTENSIONS = YES;
				CLANG_ANALYZER_NONNULL = YES;
				CLANG_ANALYZER_NUMBER_OBJECT_CONVERSION = YES_AGGRESSIVE;
				CLANG_CXX_LANGUAGE_STANDARD = "gnu++20";
				CLANG_ENABLE_MODULES = YES;
				CLANG_ENABLE_OBJC_ARC = YES;
				CLANG_ENABLE_OBJC_WEAK = YES;
				CLANG_WARN_BLOCK_CAPTURE_AUTORELEASING = YES;
				CLANG_WARN_BOOL_CONVERSION = YES;
				CLANG_WARN_COMMA = YES;
				CLANG_WARN_CONSTANT_CONVERSION = YES;
				CLANG_WARN_DEPRECATED_OBJC_IMPLEMENTATIONS = YES;
				CLANG_WARN_DIRECT_OBJC_ISA_USAGE = YES_ERROR;
				CLANG_WARN_DOCUMENTATION_COMMENTS = YES;
				CLANG_WARN_EMPTY_BODY = YES;
				CLANG_WARN_ENUM_CONVERSION = YES;
				CLANG_WARN_INFINITE_RECURSION = YES;
				CLANG_WARN_INT_CONVERSION = YES;
				CLANG_WARN_NON_LITERAL_NULL_CONVERSION = YES;
				CLANG_WARN_OBJC_IMPLICIT_RETAIN_SELF = YES;
				CLANG_WARN_OBJC_LITERAL_CONVERSION = YES;
				CLANG_WARN_OBJC_ROOT_CLASS = YES_ERROR;
				CLANG_WARN_QUOTED_INCLUDE_IN_FRAMEWORK_HEADER = YES;
				CLANG_WARN_RANGE_LOOP_ANALYSIS = YES;
				CLANG_WARN_STRICT_PROTOTYPES = YES;
				CLANG_WARN_SUSPICIOUS_MOVE = YES;
				CLANG_WARN_UNGUARDED_AVAILABILITY = YES_AGGRESSIVE;
				CLANG_WARN_UNREACHABLE_CODE = YES;
				CLANG_WARN__DUPLICATE_METHOD_MATCH = YES;
				COPY_PHASE_STRIP = NO;
				DEBUG_INFORMATION_FORMAT = dwarf;
				ENABLE_STRICT_OBJC_MSGSEND = YES;
				ENABLE_TESTABILITY = YES;
				ENABLE_USER_SCRIPT_SANDBOXING = YES;
				GCC_C_LANGUAGE_STANDARD = gnu17;
				GCC_DYNAMIC_NO_PIC = NO;
				GCC_NO_COMMON_BLOCKS = YES;
				GCC_OPTIMIZATION_LEVEL = 0;
				GCC_PREPROCESSOR_DEFINITIONS = (
					"DEBUG=1",
					"$(inherited)",
				);
				GCC_WARN_64_TO_32_BIT_CONVERSION = YES;
				GCC_WARN_ABOUT_RETURN_TYPE = YES_ERROR;
				GCC_WARN_UNDECLARED_SELECTOR = YES;
				GCC_WARN_UNINITIALIZED_AUTOS = YES_AGGRESSIVE;
				GCC_WARN_UNUSED_FUNCTION = YES;
				GCC_WARN_UNUSED_VARIABLE = YES;
				IPHONEOS_DEPLOYMENT_TARGET = 17.0;
				LOCALIZATION_PREFERS_STRING_CATALOGS = YES;
				MTL_ENABLE_DEBUG_INFO = INCLUDE_SOURCE;
				MTL_FAST_MATH = YES;
				ONLY_ACTIVE_ARCH = YES;
				SDKROOT = iphoneos;
				SWIFT_ACTIVE_COMPILATION_CONDITIONS = "DEBUG $(inherited)";
				SWIFT_OPTIMIZATION_LEVEL = "-Onone";
			};
			name = Debug;
		};
		C59044122B34A36A0043BD0E /* Release */ = {
			isa = XCBuildConfiguration;
			buildSettings = {
				ALWAYS_SEARCH_USER_PATHS = NO;
				ASSETCATALOG_COMPILER_GENERATE_SWIFT_ASSET_SYMBOL_EXTENSIONS = YES;
				CLANG_ANALYZER_NONNULL = YES;
				CLANG_ANALYZER_NUMBER_OBJECT_CONVERSION = YES_AGGRESSIVE;
				CLANG_CXX_LANGUAGE_STANDARD = "gnu++20";
				CLANG_ENABLE_MODULES = YES;
				CLANG_ENABLE_OBJC_ARC = YES;
				CLANG_ENABLE_OBJC_WEAK = YES;
				CLANG_WARN_BLOCK_CAPTURE_AUTORELEASING = YES;
				CLANG_WARN_BOOL_CONVERSION = YES;
				CLANG_WARN_COMMA = YES;
				CLANG_WARN_CONSTANT_CONVERSION = YES;
				CLANG_WARN_DEPRECATED_OBJC_IMPLEMENTATIONS = YES;
				CLANG_WARN_DIRECT_OBJC_ISA_USAGE = YES_ERROR;
				CLANG_WARN_DOCUMENTATION_COMMENTS = YES;
				CLANG_WARN_EMPTY_BODY = YES;
				CLANG_WARN_ENUM_CONVERSION = YES;
				CLANG_WARN_INFINITE_RECURSION = YES;
				CLANG_WARN_INT_CONVERSION = YES;
				CLANG_WARN_NON_LITERAL_NULL_CONVERSION = YES;
				CLANG_WARN_OBJC_IMPLICIT_RETAIN_SELF = YES;
				CLANG_WARN_OBJC_LITERAL_CONVERSION = YES;
				CLANG_WARN_OBJC_ROOT_CLASS = YES_ERROR;
				CLANG_WARN_QUOTED_INCLUDE_IN_FRAMEWORK_HEADER = YES;
				CLANG_WARN_RANGE_LOOP_ANALYSIS = YES;
				CLANG_WARN_STRICT_PROTOTYPES = YES;
				CLANG_WARN_SUSPICIOUS_MOVE = YES;
				CLANG_WARN_UNGUARDED_AVAILABILITY = YES_AGGRESSIVE;
				CLANG_WARN_UNREACHABLE_CODE = YES;
				CLANG_WARN__DUPLICATE_METHOD_MATCH = YES;
				COPY_PHASE_STRIP = NO;
				DEBUG_INFORMATION_FORMAT = "dwarf-with-dsym";
				ENABLE_NS_ASSERTIONS = NO;
				ENABLE_STRICT_OBJC_MSGSEND = YES;
				ENABLE_USER_SCRIPT_SANDBOXING = YES;
				GCC_C_LANGUAGE_STANDARD = gnu17;
				GCC_NO_COMMON_BLOCKS = YES;
				GCC_WARN_64_TO_32_BIT_CONVERSION = YES;
				GCC_WARN_ABOUT_RETURN_TYPE = YES_ERROR;
				GCC_WARN_UNDECLARED_SELECTOR = YES;
				GCC_WARN_UNINITIALIZED_AUTOS = YES_AGGRESSIVE;
				GCC_WARN_UNUSED_FUNCTION = YES;
				GCC_WARN_UNUSED_VARIABLE = YES;
				IPHONEOS_DEPLOYMENT_TARGET = 17.0;
				LOCALIZATION_PREFERS_STRING_CATALOGS = YES;
				MTL_ENABLE_DEBUG_INFO = NO;
				MTL_FAST_MATH = YES;
				SDKROOT = iphoneos;
				SWIFT_COMPILATION_MODE = wholemodule;
				VALIDATE_PRODUCT = YES;
			};
			name = Release;
		};
		C59044142B34A36A0043BD0E /* Debug */ = {
			isa = XCBuildConfiguration;
			buildSettings = {
				ASSETCATALOG_COMPILER_APPICON_NAME = AppIcon;
				ASSETCATALOG_COMPILER_GLOBAL_ACCENT_COLOR_NAME = AccentColor;
				CODE_SIGN_STYLE = Automatic;
				CURRENT_PROJECT_VERSION = 1;
				DEVELOPMENT_TEAM = KYR4X9M655;
				GENERATE_INFOPLIST_FILE = YES;
				INFOPLIST_FILE = "SDD-Case-2/Info.plist";
				INFOPLIST_KEY_UIApplicationSupportsIndirectInputEvents = YES;
				INFOPLIST_KEY_UILaunchStoryboardName = LaunchScreen;
				INFOPLIST_KEY_UISupportedInterfaceOrientations_iPad = "UIInterfaceOrientationPortrait UIInterfaceOrientationPortraitUpsideDown UIInterfaceOrientationLandscapeLeft UIInterfaceOrientationLandscapeRight";
				INFOPLIST_KEY_UISupportedInterfaceOrientations_iPhone = "UIInterfaceOrientationPortrait UIInterfaceOrientationLandscapeLeft UIInterfaceOrientationLandscapeRight";
				LD_RUNPATH_SEARCH_PATHS = (
					"$(inherited)",
					"@executable_path/Frameworks",
				);
				MARKETING_VERSION = 1.0;
				PRODUCT_BUNDLE_IDENTIFIER = "com.haikallazuardifadil.SDD-Case-2";
				PRODUCT_NAME = "$(TARGET_NAME)";
				SWIFT_EMIT_LOC_STRINGS = YES;
				SWIFT_VERSION = 5.0;
				TARGETED_DEVICE_FAMILY = "1,2";
			};
			name = Debug;
		};
		C59044152B34A36A0043BD0E /* Release */ = {
			isa = XCBuildConfiguration;
			buildSettings = {
				ASSETCATALOG_COMPILER_APPICON_NAME = AppIcon;
				ASSETCATALOG_COMPILER_GLOBAL_ACCENT_COLOR_NAME = AccentColor;
				CODE_SIGN_STYLE = Automatic;
				CURRENT_PROJECT_VERSION = 1;
				DEVELOPMENT_TEAM = KYR4X9M655;
				GENERATE_INFOPLIST_FILE = YES;
				INFOPLIST_FILE = "SDD-Case-2/Info.plist";
				INFOPLIST_KEY_UIApplicationSupportsIndirectInputEvents = YES;
				INFOPLIST_KEY_UILaunchStoryboardName = LaunchScreen;
				INFOPLIST_KEY_UISupportedInterfaceOrientations_iPad = "UIInterfaceOrientationPortrait UIInterfaceOrientationPortraitUpsideDown UIInterfaceOrientationLandscapeLeft UIInterfaceOrientationLandscapeRight";
				INFOPLIST_KEY_UISupportedInterfaceOrientations_iPhone = "UIInterfaceOrientationPortrait UIInterfaceOrientationLandscapeLeft UIInterfaceOrientationLandscapeRight";
				LD_RUNPATH_SEARCH_PATHS = (
					"$(inherited)",
					"@executable_path/Frameworks",
				);
				MARKETING_VERSION = 1.0;
				PRODUCT_BUNDLE_IDENTIFIER = "com.haikallazuardifadil.SDD-Case-2";
				PRODUCT_NAME = "$(TARGET_NAME)";
				SWIFT_EMIT_LOC_STRINGS = YES;
				SWIFT_VERSION = 5.0;
				TARGETED_DEVICE_FAMILY = "1,2";
			};
			name = Release;
		};
/* End XCBuildConfiguration section */

/* Begin XCConfigurationList section */
		C59043FA2B34A3690043BD0E /* Build configuration list for PBXProject "SDD-Case-2" */ = {
			isa = XCConfigurationList;
			buildConfigurations = (
				C59044112B34A36A0043BD0E /* Debug */,
				C59044122B34A36A0043BD0E /* Release */,
			);
			defaultConfigurationIsVisible = 0;
			defaultConfigurationName = Release;
		};
		C59044132B34A36A0043BD0E /* Build configuration list for PBXNativeTarget "SDD-Case-2" */ = {
			isa = XCConfigurationList;
			buildConfigurations = (
				C59044142B34A36A0043BD0E /* Debug */,
				C59044152B34A36A0043BD0E /* Release */,
			);
			defaultConfigurationIsVisible = 0;
			defaultConfigurationName = Release;
		};
/* End XCConfigurationList section */
	};
	rootObject = C59043F72B34A3690043BD0E /* Project object */;
}
